// !$*UTF8*$!
{
	archiveVersion = 1;
	classes = {
	};
	objectVersion = 46;
	objects = {

/* Begin PBXBuildFile section */
		85A5C4B31D3556A500A5735D /* main.m in Sources */ = {isa = PBXBuildFile; fileRef = 85A5C4B21D3556A500A5735D /* main.m */; };
		85A5C4B61D3556A500A5735D /* AppDelegate.m in Sources */ = {isa = PBXBuildFile; fileRef = 85A5C4B51D3556A500A5735D /* AppDelegate.m */; };
		85A5C4B91D3556A500A5735D /* ViewController.m in Sources */ = {isa = PBXBuildFile; fileRef = 85A5C4B81D3556A500A5735D /* ViewController.m */; };
		85A5C4BC1D3556A500A5735D /* Main.storyboard in Resources */ = {isa = PBXBuildFile; fileRef = 85A5C4BA1D3556A500A5735D /* Main.storyboard */; };
		85A5C4BE1D3556A500A5735D /* Assets.xcassets in Resources */ = {isa = PBXBuildFile; fileRef = 85A5C4BD1D3556A500A5735D /* Assets.xcassets */; };
		85A5C4C11D3556A500A5735D /* LaunchScreen.storyboard in Resources */ = {isa = PBXBuildFile; fileRef = 85A5C4BF1D3556A500A5735D /* LaunchScreen.storyboard */; };
		85A5C4CD1D35574800A5735D /* MBUserDefaults.m in Sources */ = {isa = PBXBuildFile; fileRef = 85A5C4CC1D35574800A5735D /* MBUserDefaults.m */; };
/* End PBXBuildFile section */

/* Begin PBXFileReference section */
		85A5C4AE1D3556A400A5735D /* MBUserDefaults.app */ = {isa = PBXFileReference; explicitFileType = wrapper.application; includeInIndex = 0; path = MBUserDefaults.app; sourceTree = BUILT_PRODUCTS_DIR; };
		85A5C4B21D3556A500A5735D /* main.m */ = {isa = PBXFileReference; lastKnownFileType = sourcecode.c.objc; path = main.m; sourceTree = "<group>"; };
		85A5C4B41D3556A500A5735D /* AppDelegate.h */ = {isa = PBXFileReference; lastKnownFileType = sourcecode.c.h; path = AppDelegate.h; sourceTree = "<group>"; };
		85A5C4B51D3556A500A5735D /* AppDelegate.m */ = {isa = PBXFileReference; lastKnownFileType = sourcecode.c.objc; path = AppDelegate.m; sourceTree = "<group>"; };
		85A5C4B71D3556A500A5735D /* ViewController.h */ = {isa = PBXFileReference; lastKnownFileType = sourcecode.c.h; path = ViewController.h; sourceTree = "<group>"; };
		85A5C4B81D3556A500A5735D /* ViewController.m */ = {isa = PBXFileReference; lastKnownFileType = sourcecode.c.objc; path = ViewController.m; sourceTree = "<group>"; };
		85A5C4BB1D3556A500A5735D /* Base */ = {isa = PBXFileReference; lastKnownFileType = file.storyboard; name = Base; path = Base.lproj/Main.storyboard; sourceTree = "<group>"; };
		85A5C4BD1D3556A500A5735D /* Assets.xcassets */ = {isa = PBXFileReference; lastKnownFileType = folder.assetcatalog; path = Assets.xcassets; sourceTree = "<group>"; };
		85A5C4C01D3556A500A5735D /* Base */ = {isa = PBXFileReference; lastKnownFileType = file.storyboard; name = Base; path = Base.lproj/LaunchScreen.storyboard; sourceTree = "<group>"; };
		85A5C4C21D3556A500A5735D /* Info.plist */ = {isa = PBXFileReference; lastKnownFileType = text.plist.xml; path = Info.plist; sourceTree = "<group>"; };
		85A5C4CB1D35574800A5735D /* MBUserDefaults.h */ = {isa = PBXFileReference; fileEncoding = 4; lastKnownFileType = sourcecode.c.h; path = MBUserDefaults.h; sourceTree = "<group>"; };
		85A5C4CC1D35574800A5735D /* MBUserDefaults.m */ = {isa = PBXFileReference; fileEncoding = 4; lastKnownFileType = sourcecode.c.objc; path = MBUserDefaults.m; sourceTree = "<group>"; };
/* End PBXFileReference section */

/* Begin PBXFrameworksBuildPhase section */
		85A5C4AB1D3556A400A5735D /* Frameworks */ = {
			isa = PBXFrameworksBuildPhase;
			buildActionMask = 2147483647;
			files = (
			);
			runOnlyForDeploymentPostprocessing = 0;
		};
/* End PBXFrameworksBuildPhase section */

/* Begin PBXGroup section */
		85A5C4A51D3556A400A5735D = {
			isa = PBXGroup;
			children = (
				85A5C4B01D3556A500A5735D /* MBUserDefaults */,
				85A5C4AF1D3556A400A5735D /* Products */,
			);
			sourceTree = "<group>";
		};
		85A5C4AF1D3556A400A5735D /* Products */ = {
			isa = PBXGroup;
			children = (
				85A5C4AE1D3556A400A5735D /* MBUserDefaults.app */,
			);
			name = Products;
			sourceTree = "<group>";
		};
		85A5C4B01D3556A500A5735D /* MBUserDefaults */ = {
			isa = PBXGroup;
			children = (
				85A5C4C81D3556C100A5735D /* App Global */,
				85A5C4C91D3556D800A5735D /* Controller */,
				85A5C4CA1D3556EB00A5735D /* View */,
				85A5C4B11D3556A500A5735D /* Supporting Files */,
			);
			path = MBUserDefaults;
			sourceTree = "<group>";
		};
		85A5C4B11D3556A500A5735D /* Supporting Files */ = {
			isa = PBXGroup;
			children = (
				85A5C4CB1D35574800A5735D /* MBUserDefaults.h */,
				85A5C4CC1D35574800A5735D /* MBUserDefaults.m */,
				85A5C4B21D3556A500A5735D /* main.m */,
			);
			name = "Supporting Files";
			sourceTree = "<group>";
		};
		85A5C4C81D3556C100A5735D /* App Global */ = {
			isa = PBXGroup;
			children = (
				85A5C4B41D3556A500A5735D /* AppDelegate.h */,
				85A5C4B51D3556A500A5735D /* AppDelegate.m */,
				85A5C4C21D3556A500A5735D /* Info.plist */,
			);
			name = "App Global";
			sourceTree = "<group>";
		};
		85A5C4C91D3556D800A5735D /* Controller */ = {
			isa = PBXGroup;
			children = (
				85A5C4B71D3556A500A5735D /* ViewController.h */,
				85A5C4B81D3556A500A5735D /* ViewController.m */,
			);
			name = Controller;
			sourceTree = "<group>";
		};
		85A5C4CA1D3556EB00A5735D /* View */ = {
			isa = PBXGroup;
			children = (
				85A5C4BA1D3556A500A5735D /* Main.storyboard */,
				85A5C4BD1D3556A500A5735D /* Assets.xcassets */,
				85A5C4BF1D3556A500A5735D /* LaunchScreen.storyboard */,
			);
			name = View;
			sourceTree = "<group>";
		};
/* End PBXGroup section */

/* Begin PBXNativeTarget section */
		85A5C4AD1D3556A400A5735D /* MBUserDefaults */ = {
			isa = PBXNativeTarget;
			buildConfigurationList = 85A5C4C51D3556A500A5735D /* Build configuration list for PBXNativeTarget "MBUserDefaults" */;
			buildPhases = (
				85A5C4AA1D3556A400A5735D /* Sources */,
				85A5C4AB1D3556A400A5735D /* Frameworks */,
				85A5C4AC1D3556A400A5735D /* Resources */,
			);
			buildRules = (
			);
			dependencies = (
			);
			name = MBUserDefaults;
			productName = MBUserDefaults;
			productReference = 85A5C4AE1D3556A400A5735D /* MBUserDefaults.app */;
			productType = "com.apple.product-type.application";
		};
/* End PBXNativeTarget section */

/* Begin PBXProject section */
		85A5C4A61D3556A400A5735D /* Project object */ = {
			isa = PBXProject;
			attributes = {
				LastUpgradeCheck = 0730;
				ORGANIZATIONNAME = "David Swaintek";
				TargetAttributes = {
					85A5C4AD1D3556A400A5735D = {
						CreatedOnToolsVersion = 7.3.1;
					};
				};
			};
			buildConfigurationList = 85A5C4A91D3556A400A5735D /* Build configuration list for PBXProject "MBUserDefaults" */;
			compatibilityVersion = "Xcode 3.2";
			developmentRegion = English;
			hasScannedForEncodings = 0;
			knownRegions = (
				en,
				Base,
			);
			mainGroup = 85A5C4A51D3556A400A5735D;
			productRefGroup = 85A5C4AF1D3556A400A5735D /* Products */;
			projectDirPath = "";
			projectRoot = "";
			targets = (
				85A5C4AD1D3556A400A5735D /* MBUserDefaults */,
			);
		};
/* End PBXProject section */

/* Begin PBXResourcesBuildPhase section */
		85A5C4AC1D3556A400A5735D /* Resources */ = {
			isa = PBXResourcesBuildPhase;
			buildActionMask = 2147483647;
			files = (
				85A5C4C11D3556A500A5735D /* LaunchScreen.storyboard in Resources */,
				85A5C4BE1D3556A500A5735D /* Assets.xcassets in Resources */,
				85A5C4BC1D3556A500A5735D /* Main.storyboard in Resources */,
			);
			runOnlyForDeploymentPostprocessing = 0;
		};
/* End PBXResourcesBuildPhase section */

/* Begin PBXSourcesBuildPhase section */
		85A5C4AA1D3556A400A5735D /* Sources */ = {
			isa = PBXSourcesBuildPhase;
			buildActionMask = 2147483647;
			files = (
				85A5C4B91D3556A500A5735D /* ViewController.m in Sources */,
				85A5C4CD1D35574800A5735D /* MBUserDefaults.m in Sources */,
				85A5C4B61D3556A500A5735D /* AppDelegate.m in Sources */,
				85A5C4B31D3556A500A5735D /* main.m in Sources */,
			);
			runOnlyForDeploymentPostprocessing = 0;
		};
/* End PBXSourcesBuildPhase section */

/* Begin PBXVariantGroup section */
		85A5C4BA1D3556A500A5735D /* Main.storyboard */ = {
			isa = PBXVariantGroup;
			children = (
				85A5C4BB1D3556A500A5735D /* Base */,
			);
			name = Main.storyboard;
			sourceTree = "<group>";
		};
		85A5C4BF1D3556A500A5735D /* LaunchScreen.storyboard */ = {
			isa = PBXVariantGroup;
			children = (
				85A5C4C01D3556A500A5735D /* Base */,
			);
			name = LaunchScreen.storyboard;
			sourceTree = "<group>";
		};
/* End PBXVariantGroup section */

/* Begin XCBuildConfiguration section */
		85A5C4C31D3556A500A5735D /* Debug */ = {
			isa = XCBuildConfiguration;
			buildSettings = {
				ALWAYS_SEARCH_USER_PATHS = NO;
				CLANG_ANALYZER_NONNULL = YES;
				CLANG_CXX_LANGUAGE_STANDARD = "gnu++0x";
				CLANG_CXX_LIBRARY = "libc++";
				CLANG_ENABLE_MODULES = YES;
				CLANG_ENABLE_OBJC_ARC = YES;
				CLANG_WARN_BOOL_CONVERSION = YES;
				CLANG_WARN_CONSTANT_CONVERSION = YES;
				CLANG_WARN_DIRECT_OBJC_ISA_USAGE = YES_ERROR;
				CLANG_WARN_EMPTY_BODY = YES;
				CLANG_WARN_ENUM_CONVERSION = YES;
				CLANG_WARN_INT_CONVERSION = YES;
				CLANG_WARN_OBJC_ROOT_CLASS = YES_ERROR;
				CLANG_WARN_UNREACHABLE_CODE = YES;
				CLANG_WARN__DUPLICATE_METHOD_MATCH = YES;
				"CODE_SIGN_IDENTITY[sdk=iphoneos*]" = "iPhone Developer";
				COPY_PHASE_STRIP = NO;
				DEBUG_INFORMATION_FORMAT = dwarf;
				ENABLE_STRICT_OBJC_MSGSEND = YES;
				ENABLE_TESTABILITY = YES;
				GCC_C_LANGUAGE_STANDARD = gnu99;
				GCC_DYNAMIC_NO_PIC = NO;
				GCC_NO_COMMON_BLOCKS = YES;
				GCC_OPTIMIZATION_LEVEL = 0;
				GCC_PREPROCESSOR_DEFINITIONS = (
					"DEBUG=1",
					"$(inherited)",
				);
				GCC_WARN_64_TO_32_BIT_CONVERSION = YES;
				GCC_WARN_ABOUT_RETURN_TYPE = YES_ERROR;
				GCC_WARN_UNDECLARED_SELECTOR = YES;
				GCC_WARN_UNINITIALIZED_AUTOS = YES_AGGRESSIVE;
				GCC_WARN_UNUSED_FUNCTION = YES;
				GCC_WARN_UNUSED_VARIABLE = YES;
				IPHONEOS_DEPLOYMENT_TARGET = 9.3;
				MTL_ENABLE_DEBUG_INFO = YES;
				ONLY_ACTIVE_ARCH = YES;
				SDKROOT = iphoneos;
				TARGETED_DEVICE_FAMILY = "1,2";
			};
			name = Debug;
		};
		85A5C4C41D3556A500A5735D /* Release */ = {
			isa = XCBuildConfiguration;
			buildSettings = {
				ALWAYS_SEARCH_USER_PATHS = NO;
				CLANG_ANALYZER_NONNULL = YES;
				CLANG_CXX_LANGUAGE_STANDARD = "gnu++0x";
				CLANG_CXX_LIBRARY = "libc++";
				CLANG_ENABLE_MODULES = YES;
				CLANG_ENABLE_OBJC_ARC = YES;
				CLANG_WARN_BOOL_CONVERSION = YES;
				CLANG_WARN_CONSTANT_CONVERSION = YES;
				CLANG_WARN_DIRECT_OBJC_ISA_USAGE = YES_ERROR;
				CLANG_WARN_EMPTY_BODY = YES;
				CLANG_WARN_ENUM_CONVERSION = YES;
				CLANG_WARN_INT_CONVERSION = YES;
				CLANG_WARN_OBJC_ROOT_CLASS = YES_ERROR;
				CLANG_WARN_UNREACHABLE_CODE = YES;
				CLANG_WARN__DUPLICATE_METHOD_MATCH = YES;
				"CODE_SIGN_IDENTITY[sdk=iphoneos*]" = "iPhone Developer";
				COPY_PHASE_STRIP = NO;
				DEBUG_INFORMATION_FORMAT = "dwarf-with-dsym";
				ENABLE_NS_ASSERTIONS = NO;
				ENABLE_STRICT_OBJC_MSGSEND = YES;
				GCC_C_LANGUAGE_STANDARD = gnu99;
				GCC_NO_COMMON_BLOCKS = YES;
				GCC_WARN_64_TO_32_BIT_CONVERSION = YES;
				GCC_WARN_ABOUT_RETURN_TYPE = YES_ERROR;
				GCC_WARN_UNDECLARED_SELECTOR = YES;
				GCC_WARN_UNINITIALIZED_AUTOS = YES_AGGRESSIVE;
				GCC_WARN_UNUSED_FUNCTION = YES;
				GCC_WARN_UNUSED_VARIABLE = YES;
				IPHONEOS_DEPLOYMENT_TARGET = 9.3;
				MTL_ENABLE_DEBUG_INFO = NO;
				SDKROOT = iphoneos;
				TARGETED_DEVICE_FAMILY = "1,2";
				VALIDATE_PRODUCT = YES;
			};
			name = Release;
		};
		85A5C4C61D3556A500A5735D /* Debug */ = {
			isa = XCBuildConfiguration;
			buildSettings = {
				ASSETCATALOG_COMPILER_APPICON_NAME = AppIcon;
				INFOPLIST_FILE = MBUserDefaults/Info.plist;
				LD_RUNPATH_SEARCH_PATHS = "$(inherited) @executable_path/Frameworks";
				PRODUCT_BUNDLE_IDENTIFIER = spaceoutlaw.MBUserDefaults;
				PRODUCT_NAME = "$(TARGET_NAME)";
			};
			name = Debug;
		};
		85A5C4C71D3556A500A5735D /* Release */ = {
			isa = XCBuildConfiguration;
			buildSettings = {
				ASSETCATALOG_COMPILER_APPICON_NAME = AppIcon;
				INFOPLIST_FILE = MBUserDefaults/Info.plist;
				LD_RUNPATH_SEARCH_PATHS = "$(inherited) @executable_path/Frameworks";
				PRODUCT_BUNDLE_IDENTIFIER = spaceoutlaw.MBUserDefaults;
				PRODUCT_NAME = "$(TARGET_NAME)";
			};
			name = Release;
		};
/* End XCBuildConfiguration section */

/* Begin XCConfigurationList section */
		85A5C4A91D3556A400A5735D /* Build configuration list for PBXProject "MBUserDefaults" */ = {
			isa = XCConfigurationList;
			buildConfigurations = (
				85A5C4C31D3556A500A5735D /* Debug */,
				85A5C4C41D3556A500A5735D /* Release */,
			);
			defaultConfigurationIsVisible = 0;
			defaultConfigurationName = Release;
		};
		85A5C4C51D3556A500A5735D /* Build configuration list for PBXNativeTarget "MBUserDefaults" */ = {
			isa = XCConfigurationList;
			buildConfigurations = (
				85A5C4C61D3556A500A5735D /* Debug */,
				85A5C4C71D3556A500A5735D /* Release */,
			);
			defaultConfigurationIsVisible = 0;
		};
/* End XCConfigurationList section */
	};
	rootObject = 85A5C4A61D3556A400A5735D /* Project object */;
}
